lockfileVersion: '9.0'

settings:
  autoInstallPeers: true
  excludeLinksFromLockfile: false

importers:

  .:
    dependencies:
      '@kreuzberg/html-to-markdown-wasm':
        specifier: ^2.30.0
        version: 2.30.0
      '@sindresorhus/slugify':
        specifier: ^3.0.0
        version: 3.0.0
      playwright:
        specifier: ^1.58.2
        version: 1.58.2
      typescript:
        specifier: ^6.0.2
        version: 6.0.2
    devDependencies:
      '@tsconfig/node-ts':
        specifier: ^23.6.4
        version: 23.6.4
      '@tsconfig/node24':
        specifier: ^24.0.4
        version: 24.0.4
      '@tsconfig/strictest':
        specifier: ^2.0.8
        version: 2.0.8
      '@types/node':
        specifier: ^24.1.0
        version: 24.12.0

packages:

  '@kreuzberg/html-to-markdown-wasm@2.30.0':
    resolution: {integrity: sha512-nfN7zTsMIIO9zwXMZVHLGnXGmOHYgqhi9OSJ05kn2dYeNwjli+wKy9gNFhM+CRSII0hTp0gZDAUlZjb31QumXA==}

  '@sindresorhus/slugify@3.0.0':
    resolution: {integrity: sha512-SCrKh1zS96q+CuH5GumHcyQEVPsM4Ve8oE0E6tw7AAhGq50K8ojbTUOQnX/j9Mhcv/AXiIsbCfquovyGOo5fGw==}
    engines: {node: '>=20'}

  '@sindresorhus/transliterate@2.3.1':
    resolution: {integrity: sha512-gVaaGtKYMYAMmI8buULVH3A2TXVJ98QiwGwI7ddrWGuGidGC2uRt4FHs22+8iROJ0QTzju9CuMjlVsrvpqsdhA==}
    engines: {node: '>=20'}

  '@tsconfig/node-ts@23.6.4':
    resolution: {integrity: sha512-37BMJvNQZ+vTgd1xG2TGBkJ6ENeT4eO4Wh2CHrnn0IwH7ybLFCzh4Uc//kc7UIvqiRac4uGdIc1meKOjMSlKzw==}

  '@tsconfig/node24@24.0.4':
    resolution: {integrity: sha512-2A933l5P5oCbv6qSxHs7ckKwobs8BDAe9SJ/Xr2Hy+nDlwmLE1GhFh/g/vXGRZWgxBg9nX/5piDtHR9Dkw/XuA==}

  '@tsconfig/strictest@2.0.8':
    resolution: {integrity: sha512-XnQ7vNz5HRN0r88GYf1J9JJjqtZPiHt2woGJOo2dYqyHGGcd6OLGqSlBB6p1j9mpzja6Oe5BoPqWmeDx6X9rLw==}

  '@types/node@24.12.0':
    resolution: {integrity: sha512-GYDxsZi3ChgmckRT9HPU0WEhKLP08ev/Yfcq2AstjrDASOYCSXeyjDsHg4v5t4jOj7cyDX3vmprafKlWIG9MXQ==}

  escape-string-regexp@5.0.0:
    resolution: {integrity: sha512-/veY75JbMK4j1yjvuUxuVsiS/hr/4iHs9FTT6cgTexxdE0Ly/glccBAkloH/DofkjRbZU3bnoj38mOmhkZ0lHw==}
    engines: {node: '>=12'}

  fsevents@2.3.2:
    resolution: {integrity: sha512-xiqMQR4xAeHTuB9uWm+fFRcIOgKBMiOBP+eXiyT7jsgVCq1bkVygt00oASowB7EdtpOHaaPgKt812P9ab+DDKA==}
    engines: {node: ^8.16.0 || ^10.6.0 || >=11.0.0}
    os: [darwin]

  playwright-core@1.58.2:
    resolution: {integrity: sha512-yZkEtftgwS8CsfYo7nm0KE8jsvm6i/PTgVtB8DL726wNf6H2IMsDuxCpJj59KDaxCtSnrWan2AeDqM7JBaultg==}
    engines: {node: '>=18'}
    hasBin: true

  playwright@1.58.2:
    resolution: {integrity: sha512-vA30H8Nvkq/cPBnNw4Q8TWz1EJyqgpuinBcHET0YVJVFldr8JDNiU9LaWAE1KqSkRYazuaBhTpB5ZzShOezQ6A==}
    engines: {node: '>=18'}
    hasBin: true

  typescript@6.0.2:
    resolution: {integrity: sha512-bGdAIrZ0wiGDo5l8c++HWtbaNCWTS4UTv7RaTH/ThVIgjkveJt83m74bBHMJkuCbslY8ixgLBVZJIOiQlQTjfQ==}
    engines: {node: '>=14.17'}
    hasBin: true

  undici-types@7.16.0:
    resolution: {integrity: sha512-Zz+aZWSj8LE6zoxD+xrjh4VfkIG8Ya6LvYkZqtUQGJPZjYl53ypCaUwWqo7eI0x66KBGeRo+mlBEkMSeSZ38Nw==}

snapshots:

  '@kreuzberg/html-to-markdown-wasm@2.30.0': {}

  '@sindresorhus/slugify@3.0.0':
    dependencies:
      '@sindresorhus/transliterate': 2.3.1
      escape-string-regexp: 5.0.0

  '@sindresorhus/transliterate@2.3.1': {}

  '@tsconfig/node-ts@23.6.4': {}

  '@tsconfig/node24@24.0.4': {}

  '@tsconfig/strictest@2.0.8': {}

  '@types/node@24.12.0':
    dependencies:
      undici-types: 7.16.0

  escape-string-regexp@5.0.0: {}

  fsevents@2.3.2:
    optional: true

  playwright-core@1.58.2: {}

  playwright@1.58.2:
    dependencies:
      playwright-core: 1.58.2
    optionalDependencies:
      fsevents: 2.3.2

  typescript@6.0.2: {}

  undici-types@7.16.0: {}
